// !$*UTF8*$!
{
	archiveVersion = 1;
	classes = {
	};
	objectVersion = 50;
	objects = {

/* Begin PBXBuildFile section */
		DB1DBAF5213D6EFB009BAA1A /* AppDelegate.swift in Sources */ = {isa = PBXBuildFile; fileRef = DB1DBAF4213D6EFB009BAA1A /* AppDelegate.swift */; };
		DB1DBAF7213D6EFB009BAA1A /* ViewController.swift in Sources */ = {isa = PBXBuildFile; fileRef = DB1DBAF6213D6EFB009BAA1A /* ViewController.swift */; };
		DB1DBAFA213D6EFB009BAA1A /* Main.storyboard in Resources */ = {isa = PBXBuildFile; fileRef = DB1DBAF8213D6EFB009BAA1A /* Main.storyboard */; };
		DB1DBAFC213D6EFC009BAA1A /* Assets.xcassets in Resources */ = {isa = PBXBuildFile; fileRef = DB1DBAFB213D6EFC009BAA1A /* Assets.xcassets */; };
		DB1DBAFF213D6EFC009BAA1A /* LaunchScreen.storyboard in Resources */ = {isa = PBXBuildFile; fileRef = DB1DBAFD213D6EFC009BAA1A /* LaunchScreen.storyboard */; };
		DB1DBB0A213D6EFC009BAA1A /* Pass_Data_from_ViewControllerTests.swift in Sources */ = {isa = PBXBuildFile; fileRef = DB1DBB09213D6EFC009BAA1A /* Pass_Data_from_ViewControllerTests.swift */; };
/* End PBXBuildFile section */

/* Begin PBXContainerItemProxy section */
		DB1DBB06213D6EFC009BAA1A /* PBXContainerItemProxy */ = {
			isa = PBXContainerItemProxy;
			containerPortal = DB1DBAE9213D6EFB009BAA1A /* Project object */;
			proxyType = 1;
			remoteGlobalIDString = DB1DBAF0213D6EFB009BAA1A;
			remoteInfo = "Pass Data from ViewController";
		};
/* End PBXContainerItemProxy section */

/* Begin PBXFileReference section */
		DB1DBAF1213D6EFB009BAA1A /* Pass Data from ViewController.app */ = {isa = PBXFileReference; explicitFileType = wrapper.application; includeInIndex = 0; path = "Pass Data from ViewController.app"; sourceTree = BUILT_PRODUCTS_DIR; };
		DB1DBAF4213D6EFB009BAA1A /* AppDelegate.swift */ = {isa = PBXFileReference; lastKnownFileType = sourcecode.swift; path = AppDelegate.swift; sourceTree = "<group>"; };
		DB1DBAF6213D6EFB009BAA1A /* ViewController.swift */ = {isa = PBXFileReference; lastKnownFileType = sourcecode.swift; path = ViewController.swift; sourceTree = "<group>"; };
		DB1DBAF9213D6EFB009BAA1A /* Base */ = {isa = PBXFileReference; lastKnownFileType = file.storyboard; name = Base; path = Base.lproj/Main.storyboard; sourceTree = "<group>"; };
		DB1DBAFB213D6EFC009BAA1A /* Assets.xcassets */ = {isa = PBXFileReference; lastKnownFileType = folder.assetcatalog; path = Assets.xcassets; sourceTree = "<group>"; };
		DB1DBAFE213D6EFC009BAA1A /* Base */ = {isa = PBXFileReference; lastKnownFileType = file.storyboard; name = Base; path = Base.lproj/LaunchScreen.storyboard; sourceTree = "<group>"; };
		DB1DBB00213D6EFC009BAA1A /* Info.plist */ = {isa = PBXFileReference; lastKnownFileType = text.plist.xml; path = Info.plist; sourceTree = "<group>"; };
		DB1DBB05213D6EFC009BAA1A /* Pass Data from ViewControllerTests.xctest */ = {isa = PBXFileReference; explicitFileType = wrapper.cfbundle; includeInIndex = 0; path = "Pass Data from ViewControllerTests.xctest"; sourceTree = BUILT_PRODUCTS_DIR; };
		DB1DBB09213D6EFC009BAA1A /* Pass_Data_from_ViewControllerTests.swift */ = {isa = PBXFileReference; lastKnownFileType = sourcecode.swift; path = Pass_Data_from_ViewControllerTests.swift; sourceTree = "<group>"; };
		DB1DBB0B213D6EFC009BAA1A /* Info.plist */ = {isa = PBXFileReference; lastKnownFileType = text.plist.xml; path = Info.plist; sourceTree = "<group>"; };
/* End PBXFileReference section */

/* Begin PBXFrameworksBuildPhase section */
		DB1DBAEE213D6EFB009BAA1A /* Frameworks */ = {
			isa = PBXFrameworksBuildPhase;
			buildActionMask = 2147483647;
			files = (
			);
			runOnlyForDeploymentPostprocessing = 0;
		};
		DB1DBB02213D6EFC009BAA1A /* Frameworks */ = {
			isa = PBXFrameworksBuildPhase;
			buildActionMask = 2147483647;
			files = (
			);
			runOnlyForDeploymentPostprocessing = 0;
		};
/* End PBXFrameworksBuildPhase section */

/* Begin PBXGroup section */
		DB1DBAE8213D6EFB009BAA1A = {
			isa = PBXGroup;
			children = (
				DB1DBAF3213D6EFB009BAA1A /* Pass Data from ViewController */,
				DB1DBB08213D6EFC009BAA1A /* Pass Data from ViewControllerTests */,
				DB1DBAF2213D6EFB009BAA1A /* Products */,
			);
			sourceTree = "<group>";
		};
		DB1DBAF2213D6EFB009BAA1A /* Products */ = {
			isa = PBXGroup;
			children = (
				DB1DBAF1213D6EFB009BAA1A /* Pass Data from ViewController.app */,
				DB1DBB05213D6EFC009BAA1A /* Pass Data from ViewControllerTests.xctest */,
			);
			name = Products;
			sourceTree = "<group>";
		};
		DB1DBAF3213D6EFB009BAA1A /* Pass Data from ViewController */ = {
			isa = PBXGroup;
			children = (
				DB1DBAF4213D6EFB009BAA1A /* AppDelegate.swift */,
				DB1DBAF6213D6EFB009BAA1A /* ViewController.swift */,
				DB1DBAF8213D6EFB009BAA1A /* Main.storyboard */,
				DB1DBAFB213D6EFC009BAA1A /* Assets.xcassets */,
				DB1DBAFD213D6EFC009BAA1A /* LaunchScreen.storyboard */,
				DB1DBB00213D6EFC009BAA1A /* Info.plist */,
			);
			path = "Pass Data from ViewController";
			sourceTree = "<group>";
		};
		DB1DBB08213D6EFC009BAA1A /* Pass Data from ViewControllerTests */ = {
			isa = PBXGroup;
			children = (
				DB1DBB09213D6EFC009BAA1A /* Pass_Data_from_ViewControllerTests.swift */,
				DB1DBB0B213D6EFC009BAA1A /* Info.plist */,
			);
			path = "Pass Data from ViewControllerTests";
			sourceTree = "<group>";
		};
/* End PBXGroup section */

/* Begin PBXNativeTarget section */
		DB1DBAF0213D6EFB009BAA1A /* Pass Data from ViewController */ = {
			isa = PBXNativeTarget;
			buildConfigurationList = DB1DBB0E213D6EFC009BAA1A /* Build configuration list for PBXNativeTarget "Pass Data from ViewController" */;
			buildPhases = (
				DB1DBAED213D6EFB009BAA1A /* Sources */,
				DB1DBAEE213D6EFB009BAA1A /* Frameworks */,
				DB1DBAEF213D6EFB009BAA1A /* Resources */,
			);
			buildRules = (
			);
			dependencies = (
			);
			name = "Pass Data from ViewController";
			productName = "Pass Data from ViewController";
			productReference = DB1DBAF1213D6EFB009BAA1A /* Pass Data from ViewController.app */;
			productType = "com.apple.product-type.application";
		};
		DB1DBB04213D6EFC009BAA1A /* Pass Data from ViewControllerTests */ = {
			isa = PBXNativeTarget;
			buildConfigurationList = DB1DBB11213D6EFC009BAA1A /* Build configuration list for PBXNativeTarget "Pass Data from ViewControllerTests" */;
			buildPhases = (
				DB1DBB01213D6EFC009BAA1A /* Sources */,
				DB1DBB02213D6EFC009BAA1A /* Frameworks */,
				DB1DBB03213D6EFC009BAA1A /* Resources */,
			);
			buildRules = (
			);
			dependencies = (
				DB1DBB07213D6EFC009BAA1A /* PBXTargetDependency */,
			);
			name = "Pass Data from ViewControllerTests";
			productName = "Pass Data from ViewControllerTests";
			productReference = DB1DBB05213D6EFC009BAA1A /* Pass Data from ViewControllerTests.xctest */;
			productType = "com.apple.product-type.bundle.unit-test";
		};
/* End PBXNativeTarget section */

/* Begin PBXProject section */
		DB1DBAE9213D6EFB009BAA1A /* Project object */ = {
			isa = PBXProject;
			attributes = {
				LastSwiftUpdateCheck = 0940;
				LastUpgradeCheck = 0940;
				ORGANIZATIONNAME = "Ta Minh Tu";
				TargetAttributes = {
					DB1DBAF0213D6EFB009BAA1A = {
						CreatedOnToolsVersion = 9.4.1;
					};
					DB1DBB04213D6EFC009BAA1A = {
						CreatedOnToolsVersion = 9.4.1;
						TestTargetID = DB1DBAF0213D6EFB009BAA1A;
					};
				};
			};
			buildConfigurationList = DB1DBAEC213D6EFB009BAA1A /* Build configuration list for PBXProject "Pass Data from ViewController" */;
			compatibilityVersion = "Xcode 9.3";
			developmentRegion = en;
			hasScannedForEncodings = 0;
			knownRegions = (
				en,
				Base,
			);
			mainGroup = DB1DBAE8213D6EFB009BAA1A;
			productRefGroup = DB1DBAF2213D6EFB009BAA1A /* Products */;
			projectDirPath = "";
			projectRoot = "";
			targets = (
				DB1DBAF0213D6EFB009BAA1A /* Pass Data from ViewController */,
				DB1DBB04213D6EFC009BAA1A /* Pass Data from ViewControllerTests */,
			);
		};
/* End PBXProject section */

/* Begin PBXResourcesBuildPhase section */
		DB1DBAEF213D6EFB009BAA1A /* Resources */ = {
			isa = PBXResourcesBuildPhase;
			buildActionMask = 2147483647;
			files = (
				DB1DBAFF213D6EFC009BAA1A /* LaunchScreen.storyboard in Resources */,
				DB1DBAFC213D6EFC009BAA1A /* Assets.xcassets in Resources */,
				DB1DBAFA213D6EFB009BAA1A /* Main.storyboard in Resources */,
			);
			runOnlyForDeploymentPostprocessing = 0;
		};
		DB1DBB03213D6EFC009BAA1A /* Resources */ = {
			isa = PBXResourcesBuildPhase;
			buildActionMask = 2147483647;
			files = (
			);
			runOnlyForDeploymentPostprocessing = 0;
		};
/* End PBXResourcesBuildPhase section */

/* Begin PBXSourcesBuildPhase section */
		DB1DBAED213D6EFB009BAA1A /* Sources */ = {
			isa = PBXSourcesBuildPhase;
			buildActionMask = 2147483647;
			files = (
				DB1DBAF7213D6EFB009BAA1A /* ViewController.swift in Sources */,
				DB1DBAF5213D6EFB009BAA1A /* AppDelegate.swift in Sources */,
			);
			runOnlyForDeploymentPostprocessing = 0;
		};
		DB1DBB01213D6EFC009BAA1A /* Sources */ = {
			isa = PBXSourcesBuildPhase;
			buildActionMask = 2147483647;
			files = (
				DB1DBB0A213D6EFC009BAA1A /* Pass_Data_from_ViewControllerTests.swift in Sources */,
			);
			runOnlyForDeploymentPostprocessing = 0;
		};
/* End PBXSourcesBuildPhase section */

/* Begin PBXTargetDependency section */
		DB1DBB07213D6EFC009BAA1A /* PBXTargetDependency */ = {
			isa = PBXTargetDependency;
			target = DB1DBAF0213D6EFB009BAA1A /* Pass Data from ViewController */;
			targetProxy = DB1DBB06213D6EFC009BAA1A /* PBXContainerItemProxy */;
		};
/* End PBXTargetDependency section */

/* Begin PBXVariantGroup section */
		DB1DBAF8213D6EFB009BAA1A /* Main.storyboard */ = {
			isa = PBXVariantGroup;
			children = (
				DB1DBAF9213D6EFB009BAA1A /* Base */,
			);
			name = Main.storyboard;
			sourceTree = "<group>";
		};
		DB1DBAFD213D6EFC009BAA1A /* LaunchScreen.storyboard */ = {
			isa = PBXVariantGroup;
			children = (
				DB1DBAFE213D6EFC009BAA1A /* Base */,
			);
			name = LaunchScreen.storyboard;
			sourceTree = "<group>";
		};
/* End PBXVariantGroup section */

/* Begin XCBuildConfiguration section */
		DB1DBB0C213D6EFC009BAA1A /* Debug */ = {
			isa = XCBuildConfiguration;
			buildSettings = {
				ALWAYS_SEARCH_USER_PATHS = NO;
				CLANG_ANALYZER_NONNULL = YES;
				CLANG_ANALYZER_NUMBER_OBJECT_CONVERSION = YES_AGGRESSIVE;
				CLANG_CXX_LANGUAGE_STANDARD = "gnu++14";
				CLANG_CXX_LIBRARY = "libc++";
				CLANG_ENABLE_MODULES = YES;
				CLANG_ENABLE_OBJC_ARC = YES;
				CLANG_ENABLE_OBJC_WEAK = YES;
				CLANG_WARN_BLOCK_CAPTURE_AUTORELEASING = YES;
				CLANG_WARN_BOOL_CONVERSION = YES;
				CLANG_WARN_COMMA = YES;
				CLANG_WARN_CONSTANT_CONVERSION = YES;
				CLANG_WARN_DEPRECATED_OBJC_IMPLEMENTATIONS = YES;
				CLANG_WARN_DIRECT_OBJC_ISA_USAGE = YES_ERROR;
				CLANG_WARN_DOCUMENTATION_COMMENTS = YES;
				CLANG_WARN_EMPTY_BODY = YES;
				CLANG_WARN_ENUM_CONVERSION = YES;
				CLANG_WARN_INFINITE_RECURSION = YES;
				CLANG_WARN_INT_CONVERSION = YES;
				CLANG_WARN_NON_LITERAL_NULL_CONVERSION = YES;
				CLANG_WARN_OBJC_IMPLICIT_RETAIN_SELF = YES;
				CLANG_WARN_OBJC_LITERAL_CONVERSION = YES;
				CLANG_WARN_OBJC_ROOT_CLASS = YES_ERROR;
				CLANG_WARN_RANGE_LOOP_ANALYSIS = YES;
				CLANG_WARN_STRICT_PROTOTYPES = YES;
				CLANG_WARN_SUSPICIOUS_MOVE = YES;
				CLANG_WARN_UNGUARDED_AVAILABILITY = YES_AGGRESSIVE;
				CLANG_WARN_UNREACHABLE_CODE = YES;
				CLANG_WARN__DUPLICATE_METHOD_MATCH = YES;
				CODE_SIGN_IDENTITY = "iPhone Developer";
				COPY_PHASE_STRIP = NO;
				DEBUG_INFORMATION_FORMAT = dwarf;
				ENABLE_STRICT_OBJC_MSGSEND = YES;
				ENABLE_TESTABILITY = YES;
				GCC_C_LANGUAGE_STANDARD = gnu11;
				GCC_DYNAMIC_NO_PIC = NO;
				GCC_NO_COMMON_BLOCKS = YES;
				GCC_OPTIMIZATION_LEVEL = 0;
				GCC_PREPROCESSOR_DEFINITIONS = (
					"DEBUG=1",
					"$(inherited)",
				);
				GCC_WARN_64_TO_32_BIT_CONVERSION = YES;
				GCC_WARN_ABOUT_RETURN_TYPE = YES_ERROR;
				GCC_WARN_UNDECLARED_SELECTOR = YES;
				GCC_WARN_UNINITIALIZED_AUTOS = YES_AGGRESSIVE;
				GCC_WARN_UNUSED_FUNCTION = YES;
				GCC_WARN_UNUSED_VARIABLE = YES;
				IPHONEOS_DEPLOYMENT_TARGET = 11.4;
				MTL_ENABLE_DEBUG_INFO = YES;
				ONLY_ACTIVE_ARCH = YES;
				SDKROOT = iphoneos;
				SWIFT_ACTIVE_COMPILATION_CONDITIONS = DEBUG;
				SWIFT_OPTIMIZATION_LEVEL = "-Onone";
			};
			name = Debug;
		};
		DB1DBB0D213D6EFC009BAA1A /* Release */ = {
			isa = XCBuildConfiguration;
			buildSettings = {
				ALWAYS_SEARCH_USER_PATHS = NO;
				CLANG_ANALYZER_NONNULL = YES;
				CLANG_ANALYZER_NUMBER_OBJECT_CONVERSION = YES_AGGRESSIVE;
				CLANG_CXX_LANGUAGE_STANDARD = "gnu++14";
				CLANG_CXX_LIBRARY = "libc++";
				CLANG_ENABLE_MODULES = YES;
				CLANG_ENABLE_OBJC_ARC = YES;
				CLANG_ENABLE_OBJC_WEAK = YES;
				CLANG_WARN_BLOCK_CAPTURE_AUTORELEASING = YES;
				CLANG_WARN_BOOL_CONVERSION = YES;
				CLANG_WARN_COMMA = YES;
				CLANG_WARN_CONSTANT_CONVERSION = YES;
				CLANG_WARN_DEPRECATED_OBJC_IMPLEMENTATIONS = YES;
				CLANG_WARN_DIRECT_OBJC_ISA_USAGE = YES_ERROR;
				CLANG_WARN_DOCUMENTATION_COMMENTS = YES;
				CLANG_WARN_EMPTY_BODY = YES;
				CLANG_WARN_ENUM_CONVERSION = YES;
				CLANG_WARN_INFINITE_RECURSION = YES;
				CLANG_WARN_INT_CONVERSION = YES;
				CLANG_WARN_NON_LITERAL_NULL_CONVERSION = YES;
				CLANG_WARN_OBJC_IMPLICIT_RETAIN_SELF = YES;
				CLANG_WARN_OBJC_LITERAL_CONVERSION = YES;
				CLANG_WARN_OBJC_ROOT_CLASS = YES_ERROR;
				CLANG_WARN_RANGE_LOOP_ANALYSIS = YES;
				CLANG_WARN_STRICT_PROTOTYPES = YES;
				CLANG_WARN_SUSPICIOUS_MOVE = YES;
				CLANG_WARN_UNGUARDED_AVAILABILITY = YES_AGGRESSIVE;
				CLANG_WARN_UNREACHABLE_CODE = YES;
				CLANG_WARN__DUPLICATE_METHOD_MATCH = YES;
				CODE_SIGN_IDENTITY = "iPhone Developer";
				COPY_PHASE_STRIP = NO;
				DEBUG_INFORMATION_FORMAT = "dwarf-with-dsym";
				ENABLE_NS_ASSERTIONS = NO;
				ENABLE_STRICT_OBJC_MSGSEND = YES;
				GCC_C_LANGUAGE_STANDARD = gnu11;
				GCC_NO_COMMON_BLOCKS = YES;
				GCC_WARN_64_TO_32_BIT_CONVERSION = YES;
				GCC_WARN_ABOUT_RETURN_TYPE = YES_ERROR;
				GCC_WARN_UNDECLARED_SELECTOR = YES;
				GCC_WARN_UNINITIALIZED_AUTOS = YES_AGGRESSIVE;
				GCC_WARN_UNUSED_FUNCTION = YES;
				GCC_WARN_UNUSED_VARIABLE = YES;
				IPHONEOS_DEPLOYMENT_TARGET = 11.4;
				MTL_ENABLE_DEBUG_INFO = NO;
				SDKROOT = iphoneos;
				SWIFT_COMPILATION_MODE = wholemodule;
				SWIFT_OPTIMIZATION_LEVEL = "-O";
				VALIDATE_PRODUCT = YES;
			};
			name = Release;
		};
		DB1DBB0F213D6EFC009BAA1A /* Debug */ = {
			isa = XCBuildConfiguration;
			buildSettings = {
				ASSETCATALOG_COMPILER_APPICON_NAME = AppIcon;
				CODE_SIGN_STYLE = Automatic;
				INFOPLIST_FILE = "Pass Data from ViewController/Info.plist";
				LD_RUNPATH_SEARCH_PATHS = (
					"$(inherited)",
					"@executable_path/Frameworks",
				);
				PRODUCT_BUNDLE_IDENTIFIER = "com.david.Pass-Data-from-ViewController";
				PRODUCT_NAME = "$(TARGET_NAME)";
				SWIFT_VERSION = 4.0;
				TARGETED_DEVICE_FAMILY = "1,2";
			};
			name = Debug;
		};
		DB1DBB10213D6EFC009BAA1A /* Release */ = {
			isa = XCBuildConfiguration;
			buildSettings = {
				ASSETCATALOG_COMPILER_APPICON_NAME = AppIcon;
				CODE_SIGN_STYLE = Automatic;
				INFOPLIST_FILE = "Pass Data from ViewController/Info.plist";
				LD_RUNPATH_SEARCH_PATHS = (
					"$(inherited)",
					"@executable_path/Frameworks",
				);
				PRODUCT_BUNDLE_IDENTIFIER = "com.david.Pass-Data-from-ViewController";
				PRODUCT_NAME = "$(TARGET_NAME)";
				SWIFT_VERSION = 4.0;
				TARGETED_DEVICE_FAMILY = "1,2";
			};
			name = Release;
		};
		DB1DBB12213D6EFC009BAA1A /* Debug */ = {
			isa = XCBuildConfiguration;
			buildSettings = {
				ALWAYS_EMBED_SWIFT_STANDARD_LIBRARIES = YES;
				BUNDLE_LOADER = "$(TEST_HOST)";
				CODE_SIGN_STYLE = Automatic;
				INFOPLIST_FILE = "Pass Data from ViewControllerTests/Info.plist";
				LD_RUNPATH_SEARCH_PATHS = (
					"$(inherited)",
					"@executable_path/Frameworks",
					"@loader_path/Frameworks",
				);
				PRODUCT_BUNDLE_IDENTIFIER = "com.david.Pass-Data-from-ViewControllerTests";
				PRODUCT_NAME = "$(TARGET_NAME)";
				SWIFT_VERSION = 4.0;
				TARGETED_DEVICE_FAMILY = "1,2";
				TEST_HOST = "$(BUILT_PRODUCTS_DIR)/Pass Data from ViewController.app/Pass Data from ViewController";
			};
			name = Debug;
		};
		DB1DBB13213D6EFC009BAA1A /* Release */ = {
			isa = XCBuildConfiguration;
			buildSettings = {
				ALWAYS_EMBED_SWIFT_STANDARD_LIBRARIES = YES;
				BUNDLE_LOADER = "$(TEST_HOST)";
				CODE_SIGN_STYLE = Automatic;
				INFOPLIST_FILE = "Pass Data from ViewControllerTests/Info.plist";
				LD_RUNPATH_SEARCH_PATHS = (
					"$(inherited)",
					"@executable_path/Frameworks",
					"@loader_path/Frameworks",
				);
				PRODUCT_BUNDLE_IDENTIFIER = "com.david.Pass-Data-from-ViewControllerTests";
				PRODUCT_NAME = "$(TARGET_NAME)";
				SWIFT_VERSION = 4.0;
				TARGETED_DEVICE_FAMILY = "1,2";
				TEST_HOST = "$(BUILT_PRODUCTS_DIR)/Pass Data from ViewController.app/Pass Data from ViewController";
			};
			name = Release;
		};
/* End XCBuildConfiguration section */

/* Begin XCConfigurationList section */
		DB1DBAEC213D6EFB009BAA1A /* Build configuration list for PBXProject "Pass Data from ViewController" */ = {
			isa = XCConfigurationList;
			buildConfigurations = (
				DB1DBB0C213D6EFC009BAA1A /* Debug */,
				DB1DBB0D213D6EFC009BAA1A /* Release */,
			);
			defaultConfigurationIsVisible = 0;
			defaultConfigurationName = Release;
		};
		DB1DBB0E213D6EFC009BAA1A /* Build configuration list for PBXNativeTarget "Pass Data from ViewController" */ = {
			isa = XCConfigurationList;
			buildConfigurations = (
				DB1DBB0F213D6EFC009BAA1A /* Debug */,
				DB1DBB10213D6EFC009BAA1A /* Release */,
			);
			defaultConfigurationIsVisible = 0;
			defaultConfigurationName = Release;
		};
		DB1DBB11213D6EFC009BAA1A /* Build configuration list for PBXNativeTarget "Pass Data from ViewControllerTests" */ = {
			isa = XCConfigurationList;
			buildConfigurations = (
				DB1DBB12213D6EFC009BAA1A /* Debug */,
				DB1DBB13213D6EFC009BAA1A /* Release */,
			);
			defaultConfigurationIsVisible = 0;
			defaultConfigurationName = Release;
		};
/* End XCConfigurationList section */
	};
	rootObject = DB1DBAE9213D6EFB009BAA1A /* Project object */;
}
